
Microsoft Visual Studio Solution File, Format Version 12.00
# Visual Studio Version 17
VisualStudioVersion = 17.4.33213.308
MinimumVisualStudioVersion = 10.0.40219.1
Project("{2150E333-8FDC-42A3-9474-1A3956D46DE8}") = "App", "App", "{65B40247-609B-419E-8C72-5775349FBB78}"
EndProject
Project("{2150E333-8FDC-42A3-9474-1A3956D46DE8}") = "Theme", "Theme", "{0857113F-61BB-4314-80D3-984E5BBBF80B}"
EndProject
Project("{2150E333-8FDC-42A3-9474-1A3956D46DE8}") = "WPF", "WPF", "{79E25A2D-EAF5-492F-8DF6-B9ED51FE6CF8}"
EndProject
Project("{FAE04EC0-301F-11D3-BF4B-00C04F79EFBC}") = "BackOffice.Desk.UI", "BackOffice.Desk.UI\BackOffice.Desk.UI.csproj", "{D2568CBC-7694-44BD-B76A-DAFF5508A039}"
EndProject
Project("{FAE04EC0-301F-11D3-BF4B-00C04F79EFBC}") = "BackOffice.Desk.UI.Common", "BackOffice.Desk.UI.Common\BackOffice.Desk.UI.Common.csproj", "{5856A3A1-9348-4BA1-9B85-F00B6F3F4E21}"
EndProject
Project("{FAE04EC0-301F-11D3-BF4B-00C04F79EFBC}") = "BackOffice.Desk.Theme.Base", "BackOffice.Desk.Theme.Base\BackOffice.Desk.Theme.Base.csproj", "{61892081-BFD8-4CD7-9D96-3BD010444C18}"
EndProject
Project("{FAE04EC0-301F-11D3-BF4B-00C04F79EFBC}") = "BackOffice.Desk.Theme.Default", "BackOffice.Desk.Theme.Default\BackOffice.Desk.Theme.Default.csproj", "{CD1B37A2-1CCA-422F-8906-39A2CE4C60B5}"
EndProject
Global
	GlobalSection(SolutionConfigurationPlatforms) = preSolution
		Debug|Any CPU = Debug|Any CPU
		Release|Any CPU = Release|Any CPU
	EndGlobalSection
	GlobalSection(ProjectConfigurationPlatforms) = postSolution
		{D2568CBC-7694-44BD-B76A-DAFF5508A039}.Debug|Any CPU.ActiveCfg = Debug|Any CPU
		{D2568CBC-7694-44BD-B76A-DAFF5508A039}.Debug|Any CPU.Build.0 = Debug|Any CPU
		{D2568CBC-7694-44BD-B76A-DAFF5508A039}.Release|Any CPU.ActiveCfg = Release|Any CPU
		{D2568CBC-7694-44BD-B76A-DAFF5508A039}.Release|Any CPU.Build.0 = Release|Any CPU
		{5856A3A1-9348-4BA1-9B85-F00B6F3F4E21}.Debug|Any CPU.ActiveCfg = Debug|Any CPU
		{5856A3A1-9348-4BA1-9B85-F00B6F3F4E21}.Debug|Any CPU.Build.0 = Debug|Any CPU
		{5856A3A1-9348-4BA1-9B85-F00B6F3F4E21}.Release|Any CPU.ActiveCfg = Release|Any CPU
		{5856A3A1-9348-4BA1-9B85-F00B6F3F4E21}.Release|Any CPU.Build.0 = Release|Any CPU
		{61892081-BFD8-4CD7-9D96-3BD010444C18}.Debug|Any CPU.ActiveCfg = Debug|Any CPU
		{61892081-BFD8-4CD7-9D96-3BD010444C18}.Debug|Any CPU.Build.0 = Debug|Any CPU
		{61892081-BFD8-4CD7-9D96-3BD010444C18}.Release|Any CPU.ActiveCfg = Release|Any CPU
		{61892081-BFD8-4CD7-9D96-3BD010444C18}.Release|Any CPU.Build.0 = Release|Any CPU
		{CD1B37A2-1CCA-422F-8906-39A2CE4C60B5}.Debug|Any CPU.ActiveCfg = Debug|Any CPU
		{CD1B37A2-1CCA-422F-8906-39A2CE4C60B5}.Debug|Any CPU.Build.0 = Debug|Any CPU
		{CD1B37A2-1CCA-422F-8906-39A2CE4C60B5}.Release|Any CPU.ActiveCfg = Release|Any CPU
		{CD1B37A2-1CCA-422F-8906-39A2CE4C60B5}.Release|Any CPU.Build.0 = Release|Any CPU
	EndGlobalSection
	GlobalSection(SolutionProperties) = preSolution
		HideSolutionNode = FALSE
	EndGlobalSection
	GlobalSection(NestedProjects) = preSolution
		{D2568CBC-7694-44BD-B76A-DAFF5508A039} = {65B40247-609B-419E-8C72-5775349FBB78}
		{61892081-BFD8-4CD7-9D96-3BD010444C18} = {0857113F-61BB-4314-80D3-984E5BBBF80B}
		{CD1B37A2-1CCA-422F-8906-39A2CE4C60B5} = {0857113F-61BB-4314-80D3-984E5BBBF80B}
	EndGlobalSection
	GlobalSection(ExtensibilityGlobals) = postSolution
		SolutionGuid = {6289F226-77A2-408A-B397-7EC03EDC2D16}
	EndGlobalSection
EndGlobal
